
Microsoft Visual Studio Solution File, Format Version 12.00
# Visual Studio Version 17
VisualStudioVersion = 17.11.35219.272
MinimumVisualStudioVersion = 10.0.40219.1
Project("{FAE04EC0-301F-11D3-BF4B-00C04F79EFBC}") = "SimpleAuthApplication", "SimpleAuthApplication\SimpleAuthApplication.csproj", "{DB8EE1C1-5ED1-46F8-A908-FA4C3F37A301}"
EndProject
Global
	GlobalSection(SolutionConfigurationPlatforms) = preSolution
		Debug|Any CPU = Debug|Any CPU
		Release|Any CPU = Release|Any CPU
	EndGlobalSection
	GlobalSection(ProjectConfigurationPlatforms) = postSolution
		{DB8EE1C1-5ED1-46F8-A908-FA4C3F37A301}.Debug|Any CPU.ActiveCfg = Debug|Any CPU
		{DB8EE1C1-5ED1-46F8-A908-FA4C3F37A301}.Debug|Any CPU.Build.0 = Debug|Any CPU
		{DB8EE1C1-5ED1-46F8-A908-FA4C3F37A301}.Release|Any CPU.ActiveCfg = Release|Any CPU
		{DB8EE1C1-5ED1-46F8-A908-FA4C3F37A301}.Release|Any CPU.Build.0 = Release|Any CPU
	EndGlobalSection
	GlobalSection(SolutionProperties) = preSolution
		HideSolutionNode = FALSE
	EndGlobalSection
	GlobalSection(ExtensibilityGlobals) = postSolution
		SolutionGuid = {4B0FA080-52C2-4BC3-BDDF-B867AB0445EB}
	EndGlobalSection
EndGlobal
